
Microsoft Visual Studio Solution File, Format Version 12.00
# Visual Studio Version 17
VisualStudioVersion = 17.2.32630.192
MinimumVisualStudioVersion = 10.0.40219.1
Project("{9A19103F-16F7-4668-BE54-9A1E7A4F7556}") = "classlib", "classlib\classlib.csproj", "{B98E4A21-CD90-4192-95F7-3DFA747FDBCE}"
EndProject
Project("{FAE04EC0-301F-11D3-BF4B-00C04F79EFBC}") = "ConsoleChapter6", "ConsoleChapter6\ConsoleChapter6.csproj", "{CAABDF69-DD2D-4200-B3D2-BB2CA47423AB}"
EndProject
Global
	GlobalSection(SolutionConfigurationPlatforms) = preSolution
		Debug|Any CPU = Debug|Any CPU
		Release|Any CPU = Release|Any CPU
	EndGlobalSection
	GlobalSection(ProjectConfigurationPlatforms) = postSolution
		{B98E4A21-CD90-4192-95F7-3DFA747FDBCE}.Debug|Any CPU.ActiveCfg = Debug|Any CPU
		{B98E4A21-CD90-4192-95F7-3DFA747FDBCE}.Debug|Any CPU.Build.0 = Debug|Any CPU
		{B98E4A21-CD90-4192-95F7-3DFA747FDBCE}.Release|Any CPU.ActiveCfg = Release|Any CPU
		{B98E4A21-CD90-4192-95F7-3DFA747FDBCE}.Release|Any CPU.Build.0 = Release|Any CPU
		{CAABDF69-DD2D-4200-B3D2-BB2CA47423AB}.Debug|Any CPU.ActiveCfg = Debug|Any CPU
		{CAABDF69-DD2D-4200-B3D2-BB2CA47423AB}.Debug|Any CPU.Build.0 = Debug|Any CPU
		{CAABDF69-DD2D-4200-B3D2-BB2CA47423AB}.Release|Any CPU.ActiveCfg = Release|Any CPU
		{CAABDF69-DD2D-4200-B3D2-BB2CA47423AB}.Release|Any CPU.Build.0 = Release|Any CPU
	EndGlobalSection
	GlobalSection(SolutionProperties) = preSolution
		HideSolutionNode = FALSE
	EndGlobalSection
	GlobalSection(ExtensibilityGlobals) = postSolution
		SolutionGuid = {30033E9E-BE42-4480-8A2E-45EABE00A458}
	EndGlobalSection
EndGlobal
