
Microsoft Visual Studio Solution File, Format Version 12.00
# Visual Studio Version 17
VisualStudioVersion = 17.2.32630.192
MinimumVisualStudioVersion = 10.0.40219.1
Project("{9A19103F-16F7-4668-BE54-9A1E7A4F7556}") = "LinqWithObjects", "LinqWithObjects\LinqWithObjects.csproj", "{99D78DAF-C743-4EE8-BD57-6740E0B62BF1}"
EndProject
Project("{9A19103F-16F7-4668-BE54-9A1E7A4F7556}") = "LinqWithSets", "LinqWithSets\LinqWithSets.csproj", "{0D69873E-0D34-4132-B183-47BEB3E68334}"
EndProject
Project("{9A19103F-16F7-4668-BE54-9A1E7A4F7556}") = "LinqWithEFCore", "LinqWithEFCore\LinqWithEFCore.csproj", "{E01A8090-8326-414E-A488-80479A346C36}"
EndProject
Project("{FAE04EC0-301F-11D3-BF4B-00C04F79EFBC}") = "LinqInParallel", "LinqInParallel\LinqInParallel.csproj", "{797CFB47-6288-45D4-AB43-E9380DB2392A}"
EndProject
Global
	GlobalSection(SolutionConfigurationPlatforms) = preSolution
		Debug|Any CPU = Debug|Any CPU
		Release|Any CPU = Release|Any CPU
	EndGlobalSection
	GlobalSection(ProjectConfigurationPlatforms) = postSolution
		{99D78DAF-C743-4EE8-BD57-6740E0B62BF1}.Debug|Any CPU.ActiveCfg = Debug|Any CPU
		{99D78DAF-C743-4EE8-BD57-6740E0B62BF1}.Debug|Any CPU.Build.0 = Debug|Any CPU
		{99D78DAF-C743-4EE8-BD57-6740E0B62BF1}.Release|Any CPU.ActiveCfg = Release|Any CPU
		{99D78DAF-C743-4EE8-BD57-6740E0B62BF1}.Release|Any CPU.Build.0 = Release|Any CPU
		{0D69873E-0D34-4132-B183-47BEB3E68334}.Debug|Any CPU.ActiveCfg = Debug|Any CPU
		{0D69873E-0D34-4132-B183-47BEB3E68334}.Debug|Any CPU.Build.0 = Debug|Any CPU
		{0D69873E-0D34-4132-B183-47BEB3E68334}.Release|Any CPU.ActiveCfg = Release|Any CPU
		{0D69873E-0D34-4132-B183-47BEB3E68334}.Release|Any CPU.Build.0 = Release|Any CPU
		{E01A8090-8326-414E-A488-80479A346C36}.Debug|Any CPU.ActiveCfg = Debug|Any CPU
		{E01A8090-8326-414E-A488-80479A346C36}.Debug|Any CPU.Build.0 = Debug|Any CPU
		{E01A8090-8326-414E-A488-80479A346C36}.Release|Any CPU.ActiveCfg = Release|Any CPU
		{E01A8090-8326-414E-A488-80479A346C36}.Release|Any CPU.Build.0 = Release|Any CPU
		{797CFB47-6288-45D4-AB43-E9380DB2392A}.Debug|Any CPU.ActiveCfg = Debug|Any CPU
		{797CFB47-6288-45D4-AB43-E9380DB2392A}.Debug|Any CPU.Build.0 = Debug|Any CPU
		{797CFB47-6288-45D4-AB43-E9380DB2392A}.Release|Any CPU.ActiveCfg = Release|Any CPU
		{797CFB47-6288-45D4-AB43-E9380DB2392A}.Release|Any CPU.Build.0 = Release|Any CPU
	EndGlobalSection
	GlobalSection(SolutionProperties) = preSolution
		HideSolutionNode = FALSE
	EndGlobalSection
	GlobalSection(ExtensibilityGlobals) = postSolution
		SolutionGuid = {197DE856-BE04-4004-9A43-B675B28470AF}
	EndGlobalSection
EndGlobal
